// !$*UTF8*$!
{
	archiveVersion = 1;
	classes = {
	};
	objectVersion = 56;
	objects = {

/* Begin PBXBuildFile section */
		F40DF8432C915B8900A4377B /* DataStoreUpdates.swift in Sources */ = {isa = PBXBuildFile; fileRef = F40DF8422C915B8900A4377B /* DataStoreUpdates.swift */; };
		F40DF84A2C91E13C00A4377B /* DataStoreUpdatesPropertiesProtocol.swift in Sources */ = {isa = PBXBuildFile; fileRef = F40DF8492C91E13C00A4377B /* DataStoreUpdatesPropertiesProtocol.swift */; };
		F40DF84C2C91E47000A4377B /* DataStoreUpdatesMethodsProtocol.swift in Sources */ = {isa = PBXBuildFile; fileRef = F40DF84B2C91E47000A4377B /* DataStoreUpdatesMethodsProtocol.swift */; };
		F40DF84E2C91FA7000A4377B /* BindingWithoutValue.swift in Sources */ = {isa = PBXBuildFile; fileRef = F40DF84D2C91FA7000A4377B /* BindingWithoutValue.swift */; };
		F4233B032C561EAA00670520 /* TrackerCardView.swift in Sources */ = {isa = PBXBuildFile; fileRef = F4233B022C561EAA00670520 /* TrackerCardView.swift */; };
		F4233B092C562D2200670520 /* TrackerQuantityManagmentView.swift in Sources */ = {isa = PBXBuildFile; fileRef = F4233B082C562D2200670520 /* TrackerQuantityManagmentView.swift */; };
		F4233B0B2C56A72400670520 /* TrackerCollectionViewCellDelegate.swift in Sources */ = {isa = PBXBuildFile; fileRef = F4233B0A2C56A72400670520 /* TrackerCollectionViewCellDelegate.swift */; };
		F4233B0D2C56A9D500670520 /* TrackerQuantityManagmentViewDelegate.swift in Sources */ = {isa = PBXBuildFile; fileRef = F4233B0C2C56A9D500670520 /* TrackerQuantityManagmentViewDelegate.swift */; };
		F43F411D2C8C18DD00E28491 /* OnboardingViewController.swift in Sources */ = {isa = PBXBuildFile; fileRef = F43F411C2C8C18DD00E28491 /* OnboardingViewController.swift */; };
		F43F41202C8C19AA00E28491 /* OnboardingPageViewController.swift in Sources */ = {isa = PBXBuildFile; fileRef = F43F411F2C8C19AA00E28491 /* OnboardingPageViewController.swift */; };
		F43F41222C8C1CED00E28491 /* OnboardingPageViewControllerProtocol.swift in Sources */ = {isa = PBXBuildFile; fileRef = F43F41212C8C1CED00E28491 /* OnboardingPageViewControllerProtocol.swift */; };
		F43F41242C8D6E1F00E28491 /* OnboardingViewControllerDelegate.swift in Sources */ = {isa = PBXBuildFile; fileRef = F43F41232C8D6E1F00E28491 /* OnboardingViewControllerDelegate.swift */; };
		F43F41262C8D6E7D00E28491 /* OnboardingViewControllerProtocol.swift in Sources */ = {isa = PBXBuildFile; fileRef = F43F41252C8D6E7D00E28491 /* OnboardingViewControllerProtocol.swift */; };
		F43F412A2C8DB25400E28491 /* OnboardingService.swift in Sources */ = {isa = PBXBuildFile; fileRef = F43F41292C8DB25400E28491 /* OnboardingService.swift */; };
		F43F412C2C8DB27100E28491 /* OnboardingServiceProtocol.swift in Sources */ = {isa = PBXBuildFile; fileRef = F43F412B2C8DB27100E28491 /* OnboardingServiceProtocol.swift */; };
		F43F412F2C8EB35700E28491 /* TrackersViewModel.swift in Sources */ = {isa = PBXBuildFile; fileRef = F43F412E2C8EB35700E28491 /* TrackersViewModel.swift */; };
		F43F41312C8EB38700E28491 /* Binding.swift in Sources */ = {isa = PBXBuildFile; fileRef = F43F41302C8EB38700E28491 /* Binding.swift */; };
		F43F41332C8EB42600E28491 /* BindableViewController.swift in Sources */ = {isa = PBXBuildFile; fileRef = F43F41322C8EB42600E28491 /* BindableViewController.swift */; };
		F43F41352C8EB5C800E28491 /* TrackersViewModelProtocol.swift in Sources */ = {isa = PBXBuildFile; fileRef = F43F41342C8EB5C800E28491 /* TrackersViewModelProtocol.swift */; };
		F43F413D2C8EC75B00E28491 /* CategoriesViewController.swift in Sources */ = {isa = PBXBuildFile; fileRef = F43F413C2C8EC75B00E28491 /* CategoriesViewController.swift */; };
		F43F413F2C8EC76A00E28491 /* CategoriesViewControllerProtocol.swift in Sources */ = {isa = PBXBuildFile; fileRef = F43F413E2C8EC76A00E28491 /* CategoriesViewControllerProtocol.swift */; };
		F43F41412C8EC79800E28491 /* CategoriesViewModel.swift in Sources */ = {isa = PBXBuildFile; fileRef = F43F41402C8EC79800E28491 /* CategoriesViewModel.swift */; };
		F43F41432C8EC7B200E28491 /* CategoriesViewModelProtocol.swift in Sources */ = {isa = PBXBuildFile; fileRef = F43F41422C8EC7B200E28491 /* CategoriesViewModelProtocol.swift */; };
		F43F41482C8ED84E00E28491 /* CategoriesModel.swift in Sources */ = {isa = PBXBuildFile; fileRef = F43F41472C8ED84E00E28491 /* CategoriesModel.swift */; };
		F43F414A2C8ED9E700E28491 /* CategoriesModelProtocol.swift in Sources */ = {isa = PBXBuildFile; fileRef = F43F41492C8ED9E700E28491 /* CategoriesModelProtocol.swift */; };
		F43F414C2C8EEAEB00E28491 /* CategoriesViewControllerDelegate.swift in Sources */ = {isa = PBXBuildFile; fileRef = F43F414B2C8EEAEB00E28491 /* CategoriesViewControllerDelegate.swift */; };
		F43F41502C8EEE2000E28491 /* CategoryFormModelProtocol.swift in Sources */ = {isa = PBXBuildFile; fileRef = F43F414F2C8EEE2000E28491 /* CategoryFormModelProtocol.swift */; };
		F43F41522C8EEF8E00E28491 /* CategoryFormModel.swift in Sources */ = {isa = PBXBuildFile; fileRef = F43F41512C8EEF8E00E28491 /* CategoryFormModel.swift */; };
		F43F41572C8EF07E00E28491 /* CategoryFormViewModelProtocol.swift in Sources */ = {isa = PBXBuildFile; fileRef = F43F41562C8EF07E00E28491 /* CategoryFormViewModelProtocol.swift */; };
		F43F41592C8EF12800E28491 /* CategoryFormViewModel.swift in Sources */ = {isa = PBXBuildFile; fileRef = F43F41582C8EF12800E28491 /* CategoryFormViewModel.swift */; };
		F43F415B2C8EF37B00E28491 /* CategoryFormViewControllerProtocol.swift in Sources */ = {isa = PBXBuildFile; fileRef = F43F415A2C8EF37B00E28491 /* CategoryFormViewControllerProtocol.swift */; };
		F43F415D2C8EF39700E28491 /* CategoryFormViewControllerDelegate.swift in Sources */ = {isa = PBXBuildFile; fileRef = F43F415C2C8EF39700E28491 /* CategoryFormViewControllerDelegate.swift */; };
		F43F415F2C8EF39F00E28491 /* CategoryFormViewController.swift in Sources */ = {isa = PBXBuildFile; fileRef = F43F415E2C8EF39F00E28491 /* CategoryFormViewController.swift */; };
		F43F41612C8F177300E28491 /* TrackerCategoryId.swift in Sources */ = {isa = PBXBuildFile; fileRef = F43F41602C8F177300E28491 /* TrackerCategoryId.swift */; };
		F4516C9E2C5E933100CAB0A3 /* NavigationController.swift in Sources */ = {isa = PBXBuildFile; fileRef = F4516C9D2C5E933100CAB0A3 /* NavigationController.swift */; };
		F4516CA32C5E95CB00CAB0A3 /* EllipseButton.swift in Sources */ = {isa = PBXBuildFile; fileRef = F4516CA22C5E95CB00CAB0A3 /* EllipseButton.swift */; };
		F4516CA72C5F8B9D00CAB0A3 /* Int+getEnding.swift in Sources */ = {isa = PBXBuildFile; fileRef = F4516CA62C5F8B9D00CAB0A3 /* Int+getEnding.swift */; };
		F4516CAA2C5F8F7300CAB0A3 /* DefaultHeaderReusableView.swift in Sources */ = {isa = PBXBuildFile; fileRef = F4516CA92C5F8F7300CAB0A3 /* DefaultHeaderReusableView.swift */; };
		F4516CAC2C5F99C200CAB0A3 /* TrackerType.swift in Sources */ = {isa = PBXBuildFile; fileRef = F4516CAB2C5F99C200CAB0A3 /* TrackerType.swift */; };
		F4516CB02C5F9B2400CAB0A3 /* CreateTrackerViewController.swift in Sources */ = {isa = PBXBuildFile; fileRef = F4516CAF2C5F9B2400CAB0A3 /* CreateTrackerViewController.swift */; };
		F4516CB22C5F9B6900CAB0A3 /* CreateTrackerViewControllerDelegate.swift in Sources */ = {isa = PBXBuildFile; fileRef = F4516CB12C5F9B6900CAB0A3 /* CreateTrackerViewControllerDelegate.swift */; };
		F4516CB42C5F9B9C00CAB0A3 /* CreateTrackerViewControllerProtocol.swift in Sources */ = {isa = PBXBuildFile; fileRef = F4516CB32C5F9B9C00CAB0A3 /* CreateTrackerViewControllerProtocol.swift */; };
		F4516CB72C608FD000CAB0A3 /* PrimaryButton.swift in Sources */ = {isa = PBXBuildFile; fileRef = F4516CB62C608FD000CAB0A3 /* PrimaryButton.swift */; };
		F4516CB92C608FF600CAB0A3 /* BaseButton.swift in Sources */ = {isa = PBXBuildFile; fileRef = F4516CB82C608FF600CAB0A3 /* BaseButton.swift */; };
		F4516CBD2C6092BB00CAB0A3 /* TrackerFormViewController.swift in Sources */ = {isa = PBXBuildFile; fileRef = F4516CBC2C6092BB00CAB0A3 /* TrackerFormViewController.swift */; };
		F45318672C63ED1300A2722F /* ListItemCollectionViewCell.swift in Sources */ = {isa = PBXBuildFile; fileRef = F45318662C63ED1300A2722F /* ListItemCollectionViewCell.swift */; };
		F45318692C63F48100A2722F /* ListItemCollectionCellPlacement.swift in Sources */ = {isa = PBXBuildFile; fileRef = F45318682C63F48100A2722F /* ListItemCollectionCellPlacement.swift */; };
		F453186C2C64846200A2722F /* EmojiCollectionViewCell.swift in Sources */ = {isa = PBXBuildFile; fileRef = F453186B2C64846200A2722F /* EmojiCollectionViewCell.swift */; };
		F45712E52C662FE20057F76E /* TrackerFormViewControllerProtocol.swift in Sources */ = {isa = PBXBuildFile; fileRef = F45712E42C662FE20057F76E /* TrackerFormViewControllerProtocol.swift */; };
		F45712E82C6630EB0057F76E /* TrackerFromViewControllerSections.swift in Sources */ = {isa = PBXBuildFile; fileRef = F45712E72C6630EB0057F76E /* TrackerFromViewControllerSections.swift */; };
		F45712EA2C6632910057F76E /* TrackerFormViewControllerListItems.swift in Sources */ = {isa = PBXBuildFile; fileRef = F45712E92C6632910057F76E /* TrackerFormViewControllerListItems.swift */; };
		F45712ED2C6712A60057F76E /* ColorCollectionViewCell.swift in Sources */ = {isa = PBXBuildFile; fileRef = F45712EC2C6712A60057F76E /* ColorCollectionViewCell.swift */; };
		F45712F02C6713A50057F76E /* ReusableView.swift in Sources */ = {isa = PBXBuildFile; fileRef = F45712EF2C6713A50057F76E /* ReusableView.swift */; };
		F45712F32C6717C60057F76E /* OutlineButton.swift in Sources */ = {isa = PBXBuildFile; fileRef = F45712F22C6717C60057F76E /* OutlineButton.swift */; };
		F45712FA2C6734BB0057F76E /* TrackerFormViewControllerDelegate.swift in Sources */ = {isa = PBXBuildFile; fileRef = F45712F92C6734BB0057F76E /* TrackerFormViewControllerDelegate.swift */; };
		F45712FD2C674D0D0057F76E /* ScheduleViewController.swift in Sources */ = {isa = PBXBuildFile; fileRef = F45712FC2C674D0D0057F76E /* ScheduleViewController.swift */; };
		F45712FF2C674D300057F76E /* ScheduleViewControllerProtocol.swift in Sources */ = {isa = PBXBuildFile; fileRef = F45712FE2C674D300057F76E /* ScheduleViewControllerProtocol.swift */; };
		F45713012C674DB20057F76E /* ScheduleViewControllerDelegate.swift in Sources */ = {isa = PBXBuildFile; fileRef = F45713002C674DB20057F76E /* ScheduleViewControllerDelegate.swift */; };
		F45713032C6773550057F76E /* ListItemCollectionCellEndAdorment.swift in Sources */ = {isa = PBXBuildFile; fileRef = F45713022C6773550057F76E /* ListItemCollectionCellEndAdorment.swift */; };
		F45713062C677FAC0057F76E /* ListItemCollectionCellDelegate.swift in Sources */ = {isa = PBXBuildFile; fileRef = F45713052C677FAC0057F76E /* ListItemCollectionCellDelegate.swift */; };
		F45713092C6872870057F76E /* TextFieldCollectionViewCellDelegate.swift in Sources */ = {isa = PBXBuildFile; fileRef = F45713082C6872870057F76E /* TextFieldCollectionViewCellDelegate.swift */; };
		F457130B2C687B6F0057F76E /* TrackerFormViewControllerTextField.swift in Sources */ = {isa = PBXBuildFile; fileRef = F457130A2C687B6F0057F76E /* TrackerFormViewControllerTextField.swift */; };
		F457130E2C687C440057F76E /* ErrorCollectionViewCell.swift in Sources */ = {isa = PBXBuildFile; fileRef = F457130D2C687C440057F76E /* ErrorCollectionViewCell.swift */; };
		F45E83662C53650600588A3F /* AppDelegate.swift in Sources */ = {isa = PBXBuildFile; fileRef = F45E83652C53650600588A3F /* AppDelegate.swift */; };
		F45E83682C53650600588A3F /* SceneDelegate.swift in Sources */ = {isa = PBXBuildFile; fileRef = F45E83672C53650600588A3F /* SceneDelegate.swift */; };
		F45E836F2C53650700588A3F /* Assets.xcassets in Resources */ = {isa = PBXBuildFile; fileRef = F45E836E2C53650700588A3F /* Assets.xcassets */; };
		F46F3C242C8F2D9200A38988 /* CategoriesDataStoreProtocol.swift in Sources */ = {isa = PBXBuildFile; fileRef = F46F3C232C8F2D9200A38988 /* CategoriesDataStoreProtocol.swift */; };
		F46F3C262C8F2DD300A38988 /* CategoriesDataStoreDelegate.swift in Sources */ = {isa = PBXBuildFile; fileRef = F46F3C252C8F2DD300A38988 /* CategoriesDataStoreDelegate.swift */; };
		F46F3C282C8F2DEA00A38988 /* CategoriesDataStore.swift in Sources */ = {isa = PBXBuildFile; fileRef = F46F3C272C8F2DEA00A38988 /* CategoriesDataStore.swift */; };
		F472363F2C79C31700457B34 /* UIColor+init.swift in Sources */ = {isa = PBXBuildFile; fileRef = F472363E2C79C31700457B34 /* UIColor+init.swift */; };
		F49138912C705FCF00BDC783 /* PresentingViewController.swift in Sources */ = {isa = PBXBuildFile; fileRef = F49138902C705FCF00BDC783 /* PresentingViewController.swift */; };
		F4918F1A2C8033D9009F12B9 /* TrackersDataStoreProtocol.swift in Sources */ = {isa = PBXBuildFile; fileRef = F4918F192C8033D9009F12B9 /* TrackersDataStoreProtocol.swift */; };
		F4918F282C82DFE7009F12B9 /* TrackerModel.xcdatamodeld in Sources */ = {isa = PBXBuildFile; fileRef = F4918F262C82DFE7009F12B9 /* TrackerModel.xcdatamodeld */; };
		F495FDB52C96B16B00248282 /* PersistentContainer.swift in Sources */ = {isa = PBXBuildFile; fileRef = F495FDB42C96B16B00248282 /* PersistentContainer.swift */; };
		F495FDB92C96B3BB00248282 /* MulticastDelegate.swift in Sources */ = {isa = PBXBuildFile; fileRef = F495FDB82C96B3BB00248282 /* MulticastDelegate.swift */; };
		F495FDBC2C96CFFE00248282 /* CompleteCountCell.swift in Sources */ = {isa = PBXBuildFile; fileRef = F495FDBB2C96CFFE00248282 /* CompleteCountCell.swift */; };
		F4D3DC022C7B301400250E05 /* TrackersDataStoreDelegate.swift in Sources */ = {isa = PBXBuildFile; fileRef = F4D3DC012C7B301400250E05 /* TrackersDataStoreDelegate.swift */; };
		F4EABE332C7A5BD500CC30B7 /* TrackersDataStore.swift in Sources */ = {isa = PBXBuildFile; fileRef = F4EABE322C7A5BD500CC30B7 /* TrackersDataStore.swift */; };
		F4EABE352C7AE64D00CC30B7 /* UIColor+hexString.swift in Sources */ = {isa = PBXBuildFile; fileRef = F4EABE342C7AE64D00CC30B7 /* UIColor+hexString.swift */; };
		F4FB8A982C6143CD00A47C39 /* TextField.swift in Sources */ = {isa = PBXBuildFile; fileRef = F4FB8A972C6143CD00A47C39 /* TextField.swift */; };
		F4FB8A9E2C614C8700A47C39 /* TextFieldCollectionViewCell.swift in Sources */ = {isa = PBXBuildFile; fileRef = F4FB8A9D2C614C8700A47C39 /* TextFieldCollectionViewCell.swift */; };
		F4FEBF792C54A418002765BE /* SplashViewController.swift in Sources */ = {isa = PBXBuildFile; fileRef = F4FEBF782C54A418002765BE /* SplashViewController.swift */; };
		F4FEBF7B2C54A88A002765BE /* Splash.storyboard in Resources */ = {isa = PBXBuildFile; fileRef = F4FEBF7A2C54A88A002765BE /* Splash.storyboard */; };
		F4FEBF7F2C54ADF6002765BE /* TabBarController.swift in Sources */ = {isa = PBXBuildFile; fileRef = F4FEBF7E2C54ADF6002765BE /* TabBarController.swift */; };
		F4FEBF822C54AE7E002765BE /* TrackersViewController.swift in Sources */ = {isa = PBXBuildFile; fileRef = F4FEBF812C54AE7E002765BE /* TrackersViewController.swift */; };
		F4FEBF852C54AEE5002765BE /* StatisticsViewController.swift in Sources */ = {isa = PBXBuildFile; fileRef = F4FEBF842C54AEE5002765BE /* StatisticsViewController.swift */; };
		F4FEBF892C553D74002765BE /* TrackerCategory.swift in Sources */ = {isa = PBXBuildFile; fileRef = F4FEBF882C553D74002765BE /* TrackerCategory.swift */; };
		F4FEBF8C2C553E2B002765BE /* Tracker.swift in Sources */ = {isa = PBXBuildFile; fileRef = F4FEBF8B2C553E2B002765BE /* Tracker.swift */; };
		F4FEBF8F2C553F13002765BE /* WeekDay.swift in Sources */ = {isa = PBXBuildFile; fileRef = F4FEBF8E2C553F13002765BE /* WeekDay.swift */; };
		F4FEBF922C554071002765BE /* TrackerRecord.swift in Sources */ = {isa = PBXBuildFile; fileRef = F4FEBF912C554071002765BE /* TrackerRecord.swift */; };
		F4FEBF942C554098002765BE /* TrackerId.swift in Sources */ = {isa = PBXBuildFile; fileRef = F4FEBF932C554098002765BE /* TrackerId.swift */; };
		F4FEBF992C55423E002765BE /* EmptyView.swift in Sources */ = {isa = PBXBuildFile; fileRef = F4FEBF982C55423E002765BE /* EmptyView.swift */; };
		F4FEBF9C2C560219002765BE /* TrackerCollectionViewCell.swift in Sources */ = {isa = PBXBuildFile; fileRef = F4FEBF9B2C560219002765BE /* TrackerCollectionViewCell.swift */; };
		F4FEBFA42C56059E002765BE /* GeometricParams.swift in Sources */ = {isa = PBXBuildFile; fileRef = F4FEBFA32C56059E002765BE /* GeometricParams.swift */; };
/* End PBXBuildFile section */

/* Begin PBXFileReference section */
		F40DF8422C915B8900A4377B /* DataStoreUpdates.swift */ = {isa = PBXFileReference; lastKnownFileType = sourcecode.swift; path = DataStoreUpdates.swift; sourceTree = "<group>"; };
		F40DF8492C91E13C00A4377B /* DataStoreUpdatesPropertiesProtocol.swift */ = {isa = PBXFileReference; lastKnownFileType = sourcecode.swift; path = DataStoreUpdatesPropertiesProtocol.swift; sourceTree = "<group>"; };
		F40DF84B2C91E47000A4377B /* DataStoreUpdatesMethodsProtocol.swift */ = {isa = PBXFileReference; lastKnownFileType = sourcecode.swift; path = DataStoreUpdatesMethodsProtocol.swift; sourceTree = "<group>"; };
		F40DF84D2C91FA7000A4377B /* BindingWithoutValue.swift */ = {isa = PBXFileReference; lastKnownFileType = sourcecode.swift; path = BindingWithoutValue.swift; sourceTree = "<group>"; };
		F4233B022C561EAA00670520 /* TrackerCardView.swift */ = {isa = PBXFileReference; lastKnownFileType = sourcecode.swift; path = TrackerCardView.swift; sourceTree = "<group>"; };
		F4233B082C562D2200670520 /* TrackerQuantityManagmentView.swift */ = {isa = PBXFileReference; lastKnownFileType = sourcecode.swift; path = TrackerQuantityManagmentView.swift; sourceTree = "<group>"; };
		F4233B0A2C56A72400670520 /* TrackerCollectionViewCellDelegate.swift */ = {isa = PBXFileReference; lastKnownFileType = sourcecode.swift; path = TrackerCollectionViewCellDelegate.swift; sourceTree = "<group>"; };
		F4233B0C2C56A9D500670520 /* TrackerQuantityManagmentViewDelegate.swift */ = {isa = PBXFileReference; lastKnownFileType = sourcecode.swift; path = TrackerQuantityManagmentViewDelegate.swift; sourceTree = "<group>"; };
		F43F411C2C8C18DD00E28491 /* OnboardingViewController.swift */ = {isa = PBXFileReference; lastKnownFileType = sourcecode.swift; path = OnboardingViewController.swift; sourceTree = "<group>"; };
		F43F411F2C8C19AA00E28491 /* OnboardingPageViewController.swift */ = {isa = PBXFileReference; lastKnownFileType = sourcecode.swift; path = OnboardingPageViewController.swift; sourceTree = "<group>"; };
		F43F41212C8C1CED00E28491 /* OnboardingPageViewControllerProtocol.swift */ = {isa = PBXFileReference; lastKnownFileType = sourcecode.swift; path = OnboardingPageViewControllerProtocol.swift; sourceTree = "<group>"; };
		F43F41232C8D6E1F00E28491 /* OnboardingViewControllerDelegate.swift */ = {isa = PBXFileReference; lastKnownFileType = sourcecode.swift; path = OnboardingViewControllerDelegate.swift; sourceTree = "<group>"; };
		F43F41252C8D6E7D00E28491 /* OnboardingViewControllerProtocol.swift */ = {isa = PBXFileReference; lastKnownFileType = sourcecode.swift; path = OnboardingViewControllerProtocol.swift; sourceTree = "<group>"; };
		F43F41292C8DB25400E28491 /* OnboardingService.swift */ = {isa = PBXFileReference; lastKnownFileType = sourcecode.swift; path = OnboardingService.swift; sourceTree = "<group>"; };
		F43F412B2C8DB27100E28491 /* OnboardingServiceProtocol.swift */ = {isa = PBXFileReference; lastKnownFileType = sourcecode.swift; path = OnboardingServiceProtocol.swift; sourceTree = "<group>"; };
		F43F412E2C8EB35700E28491 /* TrackersViewModel.swift */ = {isa = PBXFileReference; lastKnownFileType = sourcecode.swift; path = TrackersViewModel.swift; sourceTree = "<group>"; };
		F43F41302C8EB38700E28491 /* Binding.swift */ = {isa = PBXFileReference; lastKnownFileType = sourcecode.swift; path = Binding.swift; sourceTree = "<group>"; };
		F43F41322C8EB42600E28491 /* BindableViewController.swift */ = {isa = PBXFileReference; lastKnownFileType = sourcecode.swift; path = BindableViewController.swift; sourceTree = "<group>"; };
		F43F41342C8EB5C800E28491 /* TrackersViewModelProtocol.swift */ = {isa = PBXFileReference; lastKnownFileType = sourcecode.swift; path = TrackersViewModelProtocol.swift; sourceTree = "<group>"; };
		F43F413C2C8EC75B00E28491 /* CategoriesViewController.swift */ = {isa = PBXFileReference; lastKnownFileType = sourcecode.swift; path = CategoriesViewController.swift; sourceTree = "<group>"; };
		F43F413E2C8EC76A00E28491 /* CategoriesViewControllerProtocol.swift */ = {isa = PBXFileReference; lastKnownFileType = sourcecode.swift; path = CategoriesViewControllerProtocol.swift; sourceTree = "<group>"; };
		F43F41402C8EC79800E28491 /* CategoriesViewModel.swift */ = {isa = PBXFileReference; lastKnownFileType = sourcecode.swift; path = CategoriesViewModel.swift; sourceTree = "<group>"; };
		F43F41422C8EC7B200E28491 /* CategoriesViewModelProtocol.swift */ = {isa = PBXFileReference; lastKnownFileType = sourcecode.swift; path = CategoriesViewModelProtocol.swift; sourceTree = "<group>"; };
		F43F41472C8ED84E00E28491 /* CategoriesModel.swift */ = {isa = PBXFileReference; lastKnownFileType = sourcecode.swift; path = CategoriesModel.swift; sourceTree = "<group>"; };
		F43F41492C8ED9E700E28491 /* CategoriesModelProtocol.swift */ = {isa = PBXFileReference; lastKnownFileType = sourcecode.swift; path = CategoriesModelProtocol.swift; sourceTree = "<group>"; };
		F43F414B2C8EEAEB00E28491 /* CategoriesViewControllerDelegate.swift */ = {isa = PBXFileReference; lastKnownFileType = sourcecode.swift; path = CategoriesViewControllerDelegate.swift; sourceTree = "<group>"; };
		F43F414F2C8EEE2000E28491 /* CategoryFormModelProtocol.swift */ = {isa = PBXFileReference; lastKnownFileType = sourcecode.swift; path = CategoryFormModelProtocol.swift; sourceTree = "<group>"; };
		F43F41512C8EEF8E00E28491 /* CategoryFormModel.swift */ = {isa = PBXFileReference; lastKnownFileType = sourcecode.swift; path = CategoryFormModel.swift; sourceTree = "<group>"; };
		F43F41562C8EF07E00E28491 /* CategoryFormViewModelProtocol.swift */ = {isa = PBXFileReference; lastKnownFileType = sourcecode.swift; path = CategoryFormViewModelProtocol.swift; sourceTree = "<group>"; };
		F43F41582C8EF12800E28491 /* CategoryFormViewModel.swift */ = {isa = PBXFileReference; lastKnownFileType = sourcecode.swift; path = CategoryFormViewModel.swift; sourceTree = "<group>"; };
		F43F415A2C8EF37B00E28491 /* CategoryFormViewControllerProtocol.swift */ = {isa = PBXFileReference; lastKnownFileType = sourcecode.swift; path = CategoryFormViewControllerProtocol.swift; sourceTree = "<group>"; };
		F43F415C2C8EF39700E28491 /* CategoryFormViewControllerDelegate.swift */ = {isa = PBXFileReference; lastKnownFileType = sourcecode.swift; path = CategoryFormViewControllerDelegate.swift; sourceTree = "<group>"; };
		F43F415E2C8EF39F00E28491 /* CategoryFormViewController.swift */ = {isa = PBXFileReference; lastKnownFileType = sourcecode.swift; path = CategoryFormViewController.swift; sourceTree = "<group>"; };
		F43F41602C8F177300E28491 /* TrackerCategoryId.swift */ = {isa = PBXFileReference; lastKnownFileType = sourcecode.swift; path = TrackerCategoryId.swift; sourceTree = "<group>"; };
		F4516C9D2C5E933100CAB0A3 /* NavigationController.swift */ = {isa = PBXFileReference; lastKnownFileType = sourcecode.swift; path = NavigationController.swift; sourceTree = "<group>"; };
		F4516CA22C5E95CB00CAB0A3 /* EllipseButton.swift */ = {isa = PBXFileReference; lastKnownFileType = sourcecode.swift; path = EllipseButton.swift; sourceTree = "<group>"; };
		F4516CA62C5F8B9D00CAB0A3 /* Int+getEnding.swift */ = {isa = PBXFileReference; lastKnownFileType = sourcecode.swift; path = "Int+getEnding.swift"; sourceTree = "<group>"; };
		F4516CA92C5F8F7300CAB0A3 /* DefaultHeaderReusableView.swift */ = {isa = PBXFileReference; lastKnownFileType = sourcecode.swift; path = DefaultHeaderReusableView.swift; sourceTree = "<group>"; };
		F4516CAB2C5F99C200CAB0A3 /* TrackerType.swift */ = {isa = PBXFileReference; lastKnownFileType = sourcecode.swift; path = TrackerType.swift; sourceTree = "<group>"; };
		F4516CAF2C5F9B2400CAB0A3 /* CreateTrackerViewController.swift */ = {isa = PBXFileReference; lastKnownFileType = sourcecode.swift; path = CreateTrackerViewController.swift; sourceTree = "<group>"; };
		F4516CB12C5F9B6900CAB0A3 /* CreateTrackerViewControllerDelegate.swift */ = {isa = PBXFileReference; lastKnownFileType = sourcecode.swift; path = CreateTrackerViewControllerDelegate.swift; sourceTree = "<group>"; };
		F4516CB32C5F9B9C00CAB0A3 /* CreateTrackerViewControllerProtocol.swift */ = {isa = PBXFileReference; lastKnownFileType = sourcecode.swift; path = CreateTrackerViewControllerProtocol.swift; sourceTree = "<group>"; };
		F4516CB62C608FD000CAB0A3 /* PrimaryButton.swift */ = {isa = PBXFileReference; lastKnownFileType = sourcecode.swift; path = PrimaryButton.swift; sourceTree = "<group>"; };
		F4516CB82C608FF600CAB0A3 /* BaseButton.swift */ = {isa = PBXFileReference; lastKnownFileType = sourcecode.swift; path = BaseButton.swift; sourceTree = "<group>"; };
		F4516CBC2C6092BB00CAB0A3 /* TrackerFormViewController.swift */ = {isa = PBXFileReference; lastKnownFileType = sourcecode.swift; path = TrackerFormViewController.swift; sourceTree = "<group>"; };
		F45318662C63ED1300A2722F /* ListItemCollectionViewCell.swift */ = {isa = PBXFileReference; lastKnownFileType = sourcecode.swift; path = ListItemCollectionViewCell.swift; sourceTree = "<group>"; };
		F45318682C63F48100A2722F /* ListItemCollectionCellPlacement.swift */ = {isa = PBXFileReference; lastKnownFileType = sourcecode.swift; path = ListItemCollectionCellPlacement.swift; sourceTree = "<group>"; };
		F453186B2C64846200A2722F /* EmojiCollectionViewCell.swift */ = {isa = PBXFileReference; lastKnownFileType = sourcecode.swift; path = EmojiCollectionViewCell.swift; sourceTree = "<group>"; };
		F45712E42C662FE20057F76E /* TrackerFormViewControllerProtocol.swift */ = {isa = PBXFileReference; lastKnownFileType = sourcecode.swift; path = TrackerFormViewControllerProtocol.swift; sourceTree = "<group>"; };
		F45712E72C6630EB0057F76E /* TrackerFromViewControllerSections.swift */ = {isa = PBXFileReference; lastKnownFileType = sourcecode.swift; path = TrackerFromViewControllerSections.swift; sourceTree = "<group>"; };
		F45712E92C6632910057F76E /* TrackerFormViewControllerListItems.swift */ = {isa = PBXFileReference; lastKnownFileType = sourcecode.swift; path = TrackerFormViewControllerListItems.swift; sourceTree = "<group>"; };
		F45712EC2C6712A60057F76E /* ColorCollectionViewCell.swift */ = {isa = PBXFileReference; lastKnownFileType = sourcecode.swift; path = ColorCollectionViewCell.swift; sourceTree = "<group>"; };
		F45712EF2C6713A50057F76E /* ReusableView.swift */ = {isa = PBXFileReference; lastKnownFileType = sourcecode.swift; path = ReusableView.swift; sourceTree = "<group>"; };
		F45712F22C6717C60057F76E /* OutlineButton.swift */ = {isa = PBXFileReference; lastKnownFileType = sourcecode.swift; path = OutlineButton.swift; sourceTree = "<group>"; };
		F45712F92C6734BB0057F76E /* TrackerFormViewControllerDelegate.swift */ = {isa = PBXFileReference; lastKnownFileType = sourcecode.swift; path = TrackerFormViewControllerDelegate.swift; sourceTree = "<group>"; };
		F45712FC2C674D0D0057F76E /* ScheduleViewController.swift */ = {isa = PBXFileReference; lastKnownFileType = sourcecode.swift; path = ScheduleViewController.swift; sourceTree = "<group>"; };
		F45712FE2C674D300057F76E /* ScheduleViewControllerProtocol.swift */ = {isa = PBXFileReference; lastKnownFileType = sourcecode.swift; path = ScheduleViewControllerProtocol.swift; sourceTree = "<group>"; };
		F45713002C674DB20057F76E /* ScheduleViewControllerDelegate.swift */ = {isa = PBXFileReference; lastKnownFileType = sourcecode.swift; path = ScheduleViewControllerDelegate.swift; sourceTree = "<group>"; };
		F45713022C6773550057F76E /* ListItemCollectionCellEndAdorment.swift */ = {isa = PBXFileReference; lastKnownFileType = sourcecode.swift; path = ListItemCollectionCellEndAdorment.swift; sourceTree = "<group>"; };
		F45713052C677FAC0057F76E /* ListItemCollectionCellDelegate.swift */ = {isa = PBXFileReference; lastKnownFileType = sourcecode.swift; path = ListItemCollectionCellDelegate.swift; sourceTree = "<group>"; };
		F45713082C6872870057F76E /* TextFieldCollectionViewCellDelegate.swift */ = {isa = PBXFileReference; lastKnownFileType = sourcecode.swift; path = TextFieldCollectionViewCellDelegate.swift; sourceTree = "<group>"; };
		F457130A2C687B6F0057F76E /* TrackerFormViewControllerTextField.swift */ = {isa = PBXFileReference; lastKnownFileType = sourcecode.swift; path = TrackerFormViewControllerTextField.swift; sourceTree = "<group>"; };
		F457130D2C687C440057F76E /* ErrorCollectionViewCell.swift */ = {isa = PBXFileReference; lastKnownFileType = sourcecode.swift; path = ErrorCollectionViewCell.swift; sourceTree = "<group>"; };
		F45E83622C53650600588A3F /* Tracker.app */ = {isa = PBXFileReference; explicitFileType = wrapper.application; includeInIndex = 0; path = Tracker.app; sourceTree = BUILT_PRODUCTS_DIR; };
		F45E83652C53650600588A3F /* AppDelegate.swift */ = {isa = PBXFileReference; lastKnownFileType = sourcecode.swift; path = AppDelegate.swift; sourceTree = "<group>"; };
		F45E83672C53650600588A3F /* SceneDelegate.swift */ = {isa = PBXFileReference; lastKnownFileType = sourcecode.swift; path = SceneDelegate.swift; sourceTree = "<group>"; };
		F45E836E2C53650700588A3F /* Assets.xcassets */ = {isa = PBXFileReference; lastKnownFileType = folder.assetcatalog; path = Assets.xcassets; sourceTree = "<group>"; };
		F45E83732C53650700588A3F /* Info.plist */ = {isa = PBXFileReference; lastKnownFileType = text.plist.xml; path = Info.plist; sourceTree = "<group>"; };
		F46F3C232C8F2D9200A38988 /* CategoriesDataStoreProtocol.swift */ = {isa = PBXFileReference; lastKnownFileType = sourcecode.swift; path = CategoriesDataStoreProtocol.swift; sourceTree = "<group>"; };
		F46F3C252C8F2DD300A38988 /* CategoriesDataStoreDelegate.swift */ = {isa = PBXFileReference; lastKnownFileType = sourcecode.swift; path = CategoriesDataStoreDelegate.swift; sourceTree = "<group>"; };
		F46F3C272C8F2DEA00A38988 /* CategoriesDataStore.swift */ = {isa = PBXFileReference; lastKnownFileType = sourcecode.swift; path = CategoriesDataStore.swift; sourceTree = "<group>"; };
		F472363E2C79C31700457B34 /* UIColor+init.swift */ = {isa = PBXFileReference; lastKnownFileType = sourcecode.swift; path = "UIColor+init.swift"; sourceTree = "<group>"; };
		F49138902C705FCF00BDC783 /* PresentingViewController.swift */ = {isa = PBXFileReference; lastKnownFileType = sourcecode.swift; path = PresentingViewController.swift; sourceTree = "<group>"; };
		F4918F192C8033D9009F12B9 /* TrackersDataStoreProtocol.swift */ = {isa = PBXFileReference; lastKnownFileType = sourcecode.swift; path = TrackersDataStoreProtocol.swift; sourceTree = "<group>"; };
		F4918F272C82DFE7009F12B9 /* TrackerModel.xcdatamodel */ = {isa = PBXFileReference; lastKnownFileType = wrapper.xcdatamodel; path = TrackerModel.xcdatamodel; sourceTree = "<group>"; };
		F495FDB42C96B16B00248282 /* PersistentContainer.swift */ = {isa = PBXFileReference; lastKnownFileType = sourcecode.swift; path = PersistentContainer.swift; sourceTree = "<group>"; };
		F495FDB82C96B3BB00248282 /* MulticastDelegate.swift */ = {isa = PBXFileReference; lastKnownFileType = sourcecode.swift; path = MulticastDelegate.swift; sourceTree = "<group>"; };
		F495FDBB2C96CFFE00248282 /* CompleteCountCell.swift */ = {isa = PBXFileReference; lastKnownFileType = sourcecode.swift; path = CompleteCountCell.swift; sourceTree = "<group>"; };
		F4D3DC012C7B301400250E05 /* TrackersDataStoreDelegate.swift */ = {isa = PBXFileReference; lastKnownFileType = sourcecode.swift; path = TrackersDataStoreDelegate.swift; sourceTree = "<group>"; };
		F4EABE322C7A5BD500CC30B7 /* TrackersDataStore.swift */ = {isa = PBXFileReference; lastKnownFileType = sourcecode.swift; path = TrackersDataStore.swift; sourceTree = "<group>"; };
		F4EABE342C7AE64D00CC30B7 /* UIColor+hexString.swift */ = {isa = PBXFileReference; lastKnownFileType = sourcecode.swift; path = "UIColor+hexString.swift"; sourceTree = "<group>"; };
		F4FB8A972C6143CD00A47C39 /* TextField.swift */ = {isa = PBXFileReference; lastKnownFileType = sourcecode.swift; path = TextField.swift; sourceTree = "<group>"; };
		F4FB8A9D2C614C8700A47C39 /* TextFieldCollectionViewCell.swift */ = {isa = PBXFileReference; lastKnownFileType = sourcecode.swift; path = TextFieldCollectionViewCell.swift; sourceTree = "<group>"; };
		F4FEBF782C54A418002765BE /* SplashViewController.swift */ = {isa = PBXFileReference; lastKnownFileType = sourcecode.swift; path = SplashViewController.swift; sourceTree = "<group>"; };
		F4FEBF7A2C54A88A002765BE /* Splash.storyboard */ = {isa = PBXFileReference; lastKnownFileType = file.storyboard; path = Splash.storyboard; sourceTree = "<group>"; };
		F4FEBF7E2C54ADF6002765BE /* TabBarController.swift */ = {isa = PBXFileReference; lastKnownFileType = sourcecode.swift; path = TabBarController.swift; sourceTree = "<group>"; };
		F4FEBF812C54AE7E002765BE /* TrackersViewController.swift */ = {isa = PBXFileReference; lastKnownFileType = sourcecode.swift; path = TrackersViewController.swift; sourceTree = "<group>"; };
		F4FEBF842C54AEE5002765BE /* StatisticsViewController.swift */ = {isa = PBXFileReference; lastKnownFileType = sourcecode.swift; path = StatisticsViewController.swift; sourceTree = "<group>"; };
		F4FEBF882C553D74002765BE /* TrackerCategory.swift */ = {isa = PBXFileReference; lastKnownFileType = sourcecode.swift; path = TrackerCategory.swift; sourceTree = "<group>"; };
		F4FEBF8B2C553E2B002765BE /* Tracker.swift */ = {isa = PBXFileReference; lastKnownFileType = sourcecode.swift; path = Tracker.swift; sourceTree = "<group>"; };
		F4FEBF8E2C553F13002765BE /* WeekDay.swift */ = {isa = PBXFileReference; lastKnownFileType = sourcecode.swift; path = WeekDay.swift; sourceTree = "<group>"; };
		F4FEBF912C554071002765BE /* TrackerRecord.swift */ = {isa = PBXFileReference; lastKnownFileType = sourcecode.swift; path = TrackerRecord.swift; sourceTree = "<group>"; };
		F4FEBF932C554098002765BE /* TrackerId.swift */ = {isa = PBXFileReference; lastKnownFileType = sourcecode.swift; path = TrackerId.swift; sourceTree = "<group>"; };
		F4FEBF982C55423E002765BE /* EmptyView.swift */ = {isa = PBXFileReference; lastKnownFileType = sourcecode.swift; path = EmptyView.swift; sourceTree = "<group>"; };
		F4FEBF9B2C560219002765BE /* TrackerCollectionViewCell.swift */ = {isa = PBXFileReference; lastKnownFileType = sourcecode.swift; path = TrackerCollectionViewCell.swift; sourceTree = "<group>"; };
		F4FEBFA32C56059E002765BE /* GeometricParams.swift */ = {isa = PBXFileReference; lastKnownFileType = sourcecode.swift; path = GeometricParams.swift; sourceTree = "<group>"; };
/* End PBXFileReference section */

/* Begin PBXFrameworksBuildPhase section */
		F45E835F2C53650600588A3F /* Frameworks */ = {
			isa = PBXFrameworksBuildPhase;
			buildActionMask = 2147483647;
			files = (
			);
			runOnlyForDeploymentPostprocessing = 0;
		};
/* End PBXFrameworksBuildPhase section */

/* Begin PBXGroup section */
		F40DF8442C915BC900A4377B /* Bindings */ = {
			isa = PBXGroup;
			children = (
				F43F41302C8EB38700E28491 /* Binding.swift */,
				F40DF84D2C91FA7000A4377B /* BindingWithoutValue.swift */,
			);
			path = Bindings;
			sourceTree = "<group>";
		};
		F40DF8482C91E11500A4377B /* DataStoreUpdates */ = {
			isa = PBXGroup;
			children = (
				F40DF8422C915B8900A4377B /* DataStoreUpdates.swift */,
				F40DF84B2C91E47000A4377B /* DataStoreUpdatesMethodsProtocol.swift */,
				F40DF8492C91E13C00A4377B /* DataStoreUpdatesPropertiesProtocol.swift */,
			);
			path = DataStoreUpdates;
			sourceTree = "<group>";
		};
		F4233B012C561E8A00670520 /* TrackerCardView */ = {
			isa = PBXGroup;
			children = (
				F4233B022C561EAA00670520 /* TrackerCardView.swift */,
			);
			path = TrackerCardView;
			sourceTree = "<group>";
		};
		F4233B072C562CF600670520 /* TrackerQuantityManagmentView */ = {
			isa = PBXGroup;
			children = (
				F4233B082C562D2200670520 /* TrackerQuantityManagmentView.swift */,
				F4233B0C2C56A9D500670520 /* TrackerQuantityManagmentViewDelegate.swift */,
			);
			path = TrackerQuantityManagmentView;
			sourceTree = "<group>";
		};
		F43F411B2C8C18BA00E28491 /* Onboarding */ = {
			isa = PBXGroup;
			children = (
				F43F411C2C8C18DD00E28491 /* OnboardingViewController.swift */,
				F43F411F2C8C19AA00E28491 /* OnboardingPageViewController.swift */,
				F43F41212C8C1CED00E28491 /* OnboardingPageViewControllerProtocol.swift */,
				F43F41232C8D6E1F00E28491 /* OnboardingViewControllerDelegate.swift */,
				F43F41252C8D6E7D00E28491 /* OnboardingViewControllerProtocol.swift */,
			);
			path = Onboarding;
			sourceTree = "<group>";
		};
		F43F41272C8DB23200E28491 /* Services */ = {
			isa = PBXGroup;
			children = (
				F43F41282C8DB24100E28491 /* OnboardingService */,
			);
			path = Services;
			sourceTree = "<group>";
		};
		F43F41282C8DB24100E28491 /* OnboardingService */ = {
			isa = PBXGroup;
			children = (
				F43F41292C8DB25400E28491 /* OnboardingService.swift */,
				F43F412B2C8DB27100E28491 /* OnboardingServiceProtocol.swift */,
			);
			path = OnboardingService;
			sourceTree = "<group>";
		};
		F43F412D2C8EB33D00E28491 /* ViewModel */ = {
			isa = PBXGroup;
			children = (
				F43F412E2C8EB35700E28491 /* TrackersViewModel.swift */,
				F43F41342C8EB5C800E28491 /* TrackersViewModelProtocol.swift */,
			);
			path = ViewModel;
			sourceTree = "<group>";
		};
		F43F41382C8EC36F00E28491 /* Categories */ = {
			isa = PBXGroup;
			children = (
				F43F41462C8ED83E00E28491 /* Model */,
				F43F413A2C8EC74100E28491 /* View */,
				F43F413B2C8EC74700E28491 /* ViewModel */,
			);
			path = Categories;
			sourceTree = "<group>";
		};
		F43F41392C8EC73500E28491 /* View */ = {
			isa = PBXGroup;
			children = (
				F4FEBF812C54AE7E002765BE /* TrackersViewController.swift */,
				F45713072C686CBB0057F76E /* Cells */,
			);
			path = View;
			sourceTree = "<group>";
		};
		F43F413A2C8EC74100E28491 /* View */ = {
			isa = PBXGroup;
			children = (
				F43F413C2C8EC75B00E28491 /* CategoriesViewController.swift */,
				F43F413E2C8EC76A00E28491 /* CategoriesViewControllerProtocol.swift */,
				F43F414B2C8EEAEB00E28491 /* CategoriesViewControllerDelegate.swift */,
			);
			path = View;
			sourceTree = "<group>";
		};
		F43F413B2C8EC74700E28491 /* ViewModel */ = {
			isa = PBXGroup;
			children = (
				F43F41402C8EC79800E28491 /* CategoriesViewModel.swift */,
				F43F41422C8EC7B200E28491 /* CategoriesViewModelProtocol.swift */,
			);
			path = ViewModel;
			sourceTree = "<group>";
		};
		F43F41462C8ED83E00E28491 /* Model */ = {
			isa = PBXGroup;
			children = (
				F43F41472C8ED84E00E28491 /* CategoriesModel.swift */,
				F43F41492C8ED9E700E28491 /* CategoriesModelProtocol.swift */,
			);
			path = Model;
			sourceTree = "<group>";
		};
		F43F414D2C8EEDF000E28491 /* CategoryForm */ = {
			isa = PBXGroup;
			children = (
				F43F414E2C8EEE0300E28491 /* Model */,
				F43F41542C8EF06000E28491 /* View */,
				F43F41552C8EF06800E28491 /* ViewModel */,
			);
			path = CategoryForm;
			sourceTree = "<group>";
		};
		F43F414E2C8EEE0300E28491 /* Model */ = {
			isa = PBXGroup;
			children = (
				F43F41512C8EEF8E00E28491 /* CategoryFormModel.swift */,
				F43F414F2C8EEE2000E28491 /* CategoryFormModelProtocol.swift */,
			);
			path = Model;
			sourceTree = "<group>";
		};
		F43F41542C8EF06000E28491 /* View */ = {
			isa = PBXGroup;
			children = (
				F43F415E2C8EF39F00E28491 /* CategoryFormViewController.swift */,
				F43F415A2C8EF37B00E28491 /* CategoryFormViewControllerProtocol.swift */,
				F43F415C2C8EF39700E28491 /* CategoryFormViewControllerDelegate.swift */,
			);
			path = View;
			sourceTree = "<group>";
		};
		F43F41552C8EF06800E28491 /* ViewModel */ = {
			isa = PBXGroup;
			children = (
				F43F41582C8EF12800E28491 /* CategoryFormViewModel.swift */,
				F43F41562C8EF07E00E28491 /* CategoryFormViewModelProtocol.swift */,
			);
			path = ViewModel;
			sourceTree = "<group>";
		};
		F4516C9C2C5E92CA00CAB0A3 /* NavigationController */ = {
			isa = PBXGroup;
			children = (
				F4516C9D2C5E933100CAB0A3 /* NavigationController.swift */,
			);
			path = NavigationController;
			sourceTree = "<group>";
		};
		F4516C9F2C5E953700CAB0A3 /* Controllers */ = {
			isa = PBXGroup;
			children = (
				F4516C9C2C5E92CA00CAB0A3 /* NavigationController */,
				F4FEBF7C2C54AD9A002765BE /* TabBarController */,
			);
			path = Controllers;
			sourceTree = "<group>";
		};
		F4516CA02C5E958000CAB0A3 /* Controls */ = {
			isa = PBXGroup;
			children = (
				F4516CBA2C608FFE00CAB0A3 /* BaseButton */,
				F4516CA12C5E958700CAB0A3 /* EllipseButton */,
				F45712F12C67179C0057F76E /* OutlineButton */,
				F4516CB52C608FB600CAB0A3 /* PrimaryButton */,
				F4FB8A962C6143A600A47C39 /* TextField */,
			);
			path = Controls;
			sourceTree = "<group>";
		};
		F4516CA12C5E958700CAB0A3 /* EllipseButton */ = {
			isa = PBXGroup;
			children = (
				F4516CA22C5E95CB00CAB0A3 /* EllipseButton.swift */,
			);
			path = EllipseButton;
			sourceTree = "<group>";
		};
		F4516CA52C5F8B8C00CAB0A3 /* Int */ = {
			isa = PBXGroup;
			children = (
				F4516CA62C5F8B9D00CAB0A3 /* Int+getEnding.swift */,
			);
			path = Int;
			sourceTree = "<group>";
		};
		F4516CA82C5F8F3900CAB0A3 /* DefaultHeaderReusableView */ = {
			isa = PBXGroup;
			children = (
				F4516CA92C5F8F7300CAB0A3 /* DefaultHeaderReusableView.swift */,
			);
			path = DefaultHeaderReusableView;
			sourceTree = "<group>";
		};
		F4516CAE2C5F9AB100CAB0A3 /* CreateTracker */ = {
			isa = PBXGroup;
			children = (
				F4516CAF2C5F9B2400CAB0A3 /* CreateTrackerViewController.swift */,
				F4516CB12C5F9B6900CAB0A3 /* CreateTrackerViewControllerDelegate.swift */,
				F4516CB32C5F9B9C00CAB0A3 /* CreateTrackerViewControllerProtocol.swift */,
			);
			path = CreateTracker;
			sourceTree = "<group>";
		};
		F4516CB52C608FB600CAB0A3 /* PrimaryButton */ = {
			isa = PBXGroup;
			children = (
				F4516CB62C608FD000CAB0A3 /* PrimaryButton.swift */,
			);
			path = PrimaryButton;
			sourceTree = "<group>";
		};
		F4516CBA2C608FFE00CAB0A3 /* BaseButton */ = {
			isa = PBXGroup;
			children = (
				F4516CB82C608FF600CAB0A3 /* BaseButton.swift */,
			);
			path = BaseButton;
			sourceTree = "<group>";
		};
		F4516CBB2C60929200CAB0A3 /* TrackerForm */ = {
			isa = PBXGroup;
			children = (
				F4516CBC2C6092BB00CAB0A3 /* TrackerFormViewController.swift */,
				F45712F92C6734BB0057F76E /* TrackerFormViewControllerDelegate.swift */,
				F45712E42C662FE20057F76E /* TrackerFormViewControllerProtocol.swift */,
				F4FB8A992C614C0900A47C39 /* Cells */,
				F45712E62C6630CF0057F76E /* Layout */,
			);
			path = TrackerForm;
			sourceTree = "<group>";
		};
		F45318642C63EBE100A2722F /* ListItemCell */ = {
			isa = PBXGroup;
			children = (
				F45713022C6773550057F76E /* ListItemCollectionCellEndAdorment.swift */,
				F45318682C63F48100A2722F /* ListItemCollectionCellPlacement.swift */,
				F45318662C63ED1300A2722F /* ListItemCollectionViewCell.swift */,
				F45713052C677FAC0057F76E /* ListItemCollectionCellDelegate.swift */,
			);
			path = ListItemCell;
			sourceTree = "<group>";
		};
		F45318652C63EC5200A2722F /* CollectionReusableViews */ = {
			isa = PBXGroup;
			children = (
				F4516CA82C5F8F3900CAB0A3 /* DefaultHeaderReusableView */,
			);
			path = CollectionReusableViews;
			sourceTree = "<group>";
		};
		F453186A2C64843200A2722F /* EmojiCell */ = {
			isa = PBXGroup;
			children = (
				F453186B2C64846200A2722F /* EmojiCollectionViewCell.swift */,
			);
			path = EmojiCell;
			sourceTree = "<group>";
		};
		F45712E62C6630CF0057F76E /* Layout */ = {
			isa = PBXGroup;
			children = (
				F45712E72C6630EB0057F76E /* TrackerFromViewControllerSections.swift */,
				F457130A2C687B6F0057F76E /* TrackerFormViewControllerTextField.swift */,
				F45712E92C6632910057F76E /* TrackerFormViewControllerListItems.swift */,
			);
			path = Layout;
			sourceTree = "<group>";
		};
		F45712EB2C6712830057F76E /* ColorCell */ = {
			isa = PBXGroup;
			children = (
				F45712EC2C6712A60057F76E /* ColorCollectionViewCell.swift */,
			);
			path = ColorCell;
			sourceTree = "<group>";
		};
		F45712EE2C67138D0057F76E /* ReusableView */ = {
			isa = PBXGroup;
			children = (
				F45712EF2C6713A50057F76E /* ReusableView.swift */,
			);
			path = ReusableView;
			sourceTree = "<group>";
		};
		F45712F12C67179C0057F76E /* OutlineButton */ = {
			isa = PBXGroup;
			children = (
				F45712F22C6717C60057F76E /* OutlineButton.swift */,
			);
			path = OutlineButton;
			sourceTree = "<group>";
		};
		F45712FB2C674CBD0057F76E /* Schedule */ = {
			isa = PBXGroup;
			children = (
				F45712FC2C674D0D0057F76E /* ScheduleViewController.swift */,
				F45713002C674DB20057F76E /* ScheduleViewControllerDelegate.swift */,
				F45712FE2C674D300057F76E /* ScheduleViewControllerProtocol.swift */,
			);
			path = Schedule;
			sourceTree = "<group>";
		};
		F45713072C686CBB0057F76E /* Cells */ = {
			isa = PBXGroup;
			children = (
				F4FEBF9A2C5601E7002765BE /* TrackerCell */,
			);
			path = Cells;
			sourceTree = "<group>";
		};
		F457130C2C687C2B0057F76E /* ErrorCell */ = {
			isa = PBXGroup;
			children = (
				F457130D2C687C440057F76E /* ErrorCollectionViewCell.swift */,
			);
			path = ErrorCell;
			sourceTree = "<group>";
		};
		F45E83592C53650600588A3F = {
			isa = PBXGroup;
			children = (
				F45E83642C53650600588A3F /* Tracker */,
				F45E83632C53650600588A3F /* Products */,
			);
			sourceTree = "<group>";
		};
		F45E83632C53650600588A3F /* Products */ = {
			isa = PBXGroup;
			children = (
				F45E83622C53650600588A3F /* Tracker.app */,
			);
			name = Products;
			sourceTree = "<group>";
		};
		F45E83642C53650600588A3F /* Tracker */ = {
			isa = PBXGroup;
			children = (
				F45E83732C53650700588A3F /* Info.plist */,
				F45E83652C53650600588A3F /* AppDelegate.swift */,
				F45E83672C53650600588A3F /* SceneDelegate.swift */,
				F45E836E2C53650700588A3F /* Assets.xcassets */,
				F4B19A2C2C75D70B0082D703 /* CoreData */,
				F4EABE362C7AE70D00CC30B7 /* Domain */,
				F4FEBF9D2C5604B7002765BE /* Extensions */,
				F4FEBFA12C56057B002765BE /* Helpers */,
				F4FEBF862C553D44002765BE /* Models */,
				F4FEBF762C54A3E9002765BE /* Screens */,
				F43F41272C8DB23200E28491 /* Services */,
				F4FEBF7D2C54ADE0002765BE /* UI */,
			);
			path = Tracker;
			sourceTree = "<group>";
		};
		F46F3C222C8F2D7700A38988 /* CategoriesDataStore */ = {
			isa = PBXGroup;
			children = (
				F46F3C272C8F2DEA00A38988 /* CategoriesDataStore.swift */,
				F46F3C232C8F2D9200A38988 /* CategoriesDataStoreProtocol.swift */,
				F46F3C252C8F2DD300A38988 /* CategoriesDataStoreDelegate.swift */,
			);
			path = CategoriesDataStore;
			sourceTree = "<group>";
		};
		F47236382C799F5900457B34 /* TrackersDataStore */ = {
			isa = PBXGroup;
			children = (
				F4EABE322C7A5BD500CC30B7 /* TrackersDataStore.swift */,
				F4918F192C8033D9009F12B9 /* TrackersDataStoreProtocol.swift */,
				F4D3DC012C7B301400250E05 /* TrackersDataStoreDelegate.swift */,
			);
			path = TrackersDataStore;
			sourceTree = "<group>";
		};
		F472363D2C79C30000457B34 /* UIColor */ = {
			isa = PBXGroup;
			children = (
				F472363E2C79C31700457B34 /* UIColor+init.swift */,
				F4EABE342C7AE64D00CC30B7 /* UIColor+hexString.swift */,
			);
			path = UIColor;
			sourceTree = "<group>";
		};
		F491388F2C705F3800BDC783 /* UIViewController */ = {
			isa = PBXGroup;
			children = (
				F49138902C705FCF00BDC783 /* PresentingViewController.swift */,
				F43F41322C8EB42600E28491 /* BindableViewController.swift */,
			);
			path = UIViewController;
			sourceTree = "<group>";
		};
		F495FDB32C96B15300248282 /* PersistentContainer */ = {
			isa = PBXGroup;
			children = (
				F495FDB42C96B16B00248282 /* PersistentContainer.swift */,
			);
			path = PersistentContainer;
			sourceTree = "<group>";
		};
		F495FDB62C96B39200248282 /* Decorators */ = {
			isa = PBXGroup;
			children = (
				F495FDB82C96B3BB00248282 /* MulticastDelegate.swift */,
			);
			path = Decorators;
			sourceTree = "<group>";
		};
		F495FDBA2C96CFD500248282 /* CompleteCountCell */ = {
			isa = PBXGroup;
			children = (
				F495FDBB2C96CFFE00248282 /* CompleteCountCell.swift */,
			);
			path = CompleteCountCell;
			sourceTree = "<group>";
		};
		F4B19A2C2C75D70B0082D703 /* CoreData */ = {
			isa = PBXGroup;
			children = (
				F4918F262C82DFE7009F12B9 /* TrackerModel.xcdatamodeld */,
			);
			path = CoreData;
			sourceTree = "<group>";
		};
		F4EABE362C7AE70D00CC30B7 /* Domain */ = {
			isa = PBXGroup;
			children = (
				F495FDB32C96B15300248282 /* PersistentContainer */,
				F40DF8482C91E11500A4377B /* DataStoreUpdates */,
				F46F3C222C8F2D7700A38988 /* CategoriesDataStore */,
				F47236382C799F5900457B34 /* TrackersDataStore */,
			);
			path = Domain;
			sourceTree = "<group>";
		};
		F4FB8A962C6143A600A47C39 /* TextField */ = {
			isa = PBXGroup;
			children = (
				F4FB8A972C6143CD00A47C39 /* TextField.swift */,
			);
			path = TextField;
			sourceTree = "<group>";
		};
		F4FB8A992C614C0900A47C39 /* Cells */ = {
			isa = PBXGroup;
			children = (
				F495FDBA2C96CFD500248282 /* CompleteCountCell */,
				F453186A2C64843200A2722F /* EmojiCell */,
				F45712EB2C6712830057F76E /* ColorCell */,
			);
			path = Cells;
			sourceTree = "<group>";
		};
		F4FB8A9B2C614C6400A47C39 /* CollectionViewCells */ = {
			isa = PBXGroup;
			children = (
				F457130C2C687C2B0057F76E /* ErrorCell */,
				F45318642C63EBE100A2722F /* ListItemCell */,
				F4FB8A9C2C614C6F00A47C39 /* TextFieldCell */,
			);
			path = CollectionViewCells;
			sourceTree = "<group>";
		};
		F4FB8A9C2C614C6F00A47C39 /* TextFieldCell */ = {
			isa = PBXGroup;
			children = (
				F4FB8A9D2C614C8700A47C39 /* TextFieldCollectionViewCell.swift */,
				F45713082C6872870057F76E /* TextFieldCollectionViewCellDelegate.swift */,
			);
			path = TextFieldCell;
			sourceTree = "<group>";
		};
		F4FEBF762C54A3E9002765BE /* Screens */ = {
			isa = PBXGroup;
			children = (
				F43F41382C8EC36F00E28491 /* Categories */,
				F43F414D2C8EEDF000E28491 /* CategoryForm */,
				F4516CAE2C5F9AB100CAB0A3 /* CreateTracker */,
				F43F411B2C8C18BA00E28491 /* Onboarding */,
				F45712FB2C674CBD0057F76E /* Schedule */,
				F4FEBF772C54A3FD002765BE /* Splash */,
				F4FEBF832C54AEBA002765BE /* Statistics */,
				F4516CBB2C60929200CAB0A3 /* TrackerForm */,
				F4FEBF802C54AE70002765BE /* Trackers */,
			);
			path = Screens;
			sourceTree = "<group>";
		};
		F4FEBF772C54A3FD002765BE /* Splash */ = {
			isa = PBXGroup;
			children = (
				F4FEBF782C54A418002765BE /* SplashViewController.swift */,
				F4FEBF7A2C54A88A002765BE /* Splash.storyboard */,
			);
			path = Splash;
			sourceTree = "<group>";
		};
		F4FEBF7C2C54AD9A002765BE /* TabBarController */ = {
			isa = PBXGroup;
			children = (
				F4FEBF7E2C54ADF6002765BE /* TabBarController.swift */,
			);
			path = TabBarController;
			sourceTree = "<group>";
		};
		F4FEBF7D2C54ADE0002765BE /* UI */ = {
			isa = PBXGroup;
			children = (
				F45318652C63EC5200A2722F /* CollectionReusableViews */,
				F4FB8A9B2C614C6400A47C39 /* CollectionViewCells */,
				F4516CA02C5E958000CAB0A3 /* Controls */,
				F4516C9F2C5E953700CAB0A3 /* Controllers */,
				F4FEBF962C554226002765BE /* Views */,
			);
			path = UI;
			sourceTree = "<group>";
		};
		F4FEBF802C54AE70002765BE /* Trackers */ = {
			isa = PBXGroup;
			children = (
				F43F41392C8EC73500E28491 /* View */,
				F43F412D2C8EB33D00E28491 /* ViewModel */,
			);
			path = Trackers;
			sourceTree = "<group>";
		};
		F4FEBF832C54AEBA002765BE /* Statistics */ = {
			isa = PBXGroup;
			children = (
				F4FEBF842C54AEE5002765BE /* StatisticsViewController.swift */,
			);
			path = Statistics;
			sourceTree = "<group>";
		};
		F4FEBF862C553D44002765BE /* Models */ = {
			isa = PBXGroup;
			children = (
				F4FEBF8E2C553F13002765BE /* WeekDay.swift */,
				F40DF8442C915BC900A4377B /* Bindings */,
				F4FEBF8A2C553E1F002765BE /* Tracker */,
				F4FEBF872C553D65002765BE /* TrackerCategory */,
				F4FEBF902C55405E002765BE /* TrackerRecord */,
			);
			path = Models;
			sourceTree = "<group>";
		};
		F4FEBF872C553D65002765BE /* TrackerCategory */ = {
			isa = PBXGroup;
			children = (
				F43F41602C8F177300E28491 /* TrackerCategoryId.swift */,
				F4FEBF882C553D74002765BE /* TrackerCategory.swift */,
			);
			path = TrackerCategory;
			sourceTree = "<group>";
		};
		F4FEBF8A2C553E1F002765BE /* Tracker */ = {
			isa = PBXGroup;
			children = (
				F4FEBF8B2C553E2B002765BE /* Tracker.swift */,
				F4FEBF932C554098002765BE /* TrackerId.swift */,
				F4516CAB2C5F99C200CAB0A3 /* TrackerType.swift */,
			);
			path = Tracker;
			sourceTree = "<group>";
		};
		F4FEBF902C55405E002765BE /* TrackerRecord */ = {
			isa = PBXGroup;
			children = (
				F4FEBF912C554071002765BE /* TrackerRecord.swift */,
			);
			path = TrackerRecord;
			sourceTree = "<group>";
		};
		F4FEBF962C554226002765BE /* Views */ = {
			isa = PBXGroup;
			children = (
				F4233B072C562CF600670520 /* TrackerQuantityManagmentView */,
				F4233B012C561E8A00670520 /* TrackerCardView */,
				F4FEBF972C55422B002765BE /* EmptyView */,
			);
			path = Views;
			sourceTree = "<group>";
		};
		F4FEBF972C55422B002765BE /* EmptyView */ = {
			isa = PBXGroup;
			children = (
				F4FEBF982C55423E002765BE /* EmptyView.swift */,
			);
			path = EmptyView;
			sourceTree = "<group>";
		};
		F4FEBF9A2C5601E7002765BE /* TrackerCell */ = {
			isa = PBXGroup;
			children = (
				F4FEBF9B2C560219002765BE /* TrackerCollectionViewCell.swift */,
				F4233B0A2C56A72400670520 /* TrackerCollectionViewCellDelegate.swift */,
			);
			path = TrackerCell;
			sourceTree = "<group>";
		};
		F4FEBF9D2C5604B7002765BE /* Extensions */ = {
			isa = PBXGroup;
			children = (
				F472363D2C79C30000457B34 /* UIColor */,
				F4516CA52C5F8B8C00CAB0A3 /* Int */,
				F45712EE2C67138D0057F76E /* ReusableView */,
				F491388F2C705F3800BDC783 /* UIViewController */,
			);
			path = Extensions;
			sourceTree = "<group>";
		};
		F4FEBFA12C56057B002765BE /* Helpers */ = {
			isa = PBXGroup;
			children = (
				F495FDB62C96B39200248282 /* Decorators */,
				F4FEBFA22C560589002765BE /* GeometricParams */,
			);
			path = Helpers;
			sourceTree = "<group>";
		};
		F4FEBFA22C560589002765BE /* GeometricParams */ = {
			isa = PBXGroup;
			children = (
				F4FEBFA32C56059E002765BE /* GeometricParams.swift */,
			);
			path = GeometricParams;
			sourceTree = "<group>";
		};
/* End PBXGroup section */

/* Begin PBXNativeTarget section */
		F45E83612C53650600588A3F /* Tracker */ = {
			isa = PBXNativeTarget;
			buildConfigurationList = F45E83762C53650700588A3F /* Build configuration list for PBXNativeTarget "Tracker" */;
			buildPhases = (
				F45E835E2C53650600588A3F /* Sources */,
				F45E835F2C53650600588A3F /* Frameworks */,
				F45E83602C53650600588A3F /* Resources */,
			);
			buildRules = (
			);
			dependencies = (
			);
			name = Tracker;
			productName = Tracker;
			productReference = F45E83622C53650600588A3F /* Tracker.app */;
			productType = "com.apple.product-type.application";
		};
/* End PBXNativeTarget section */

/* Begin PBXProject section */
		F45E835A2C53650600588A3F /* Project object */ = {
			isa = PBXProject;
			attributes = {
				BuildIndependentTargetsInParallel = 1;
				LastSwiftUpdateCheck = 1540;
				LastUpgradeCheck = 1540;
				TargetAttributes = {
					F45E83612C53650600588A3F = {
						CreatedOnToolsVersion = 15.4;
					};
				};
			};
			buildConfigurationList = F45E835D2C53650600588A3F /* Build configuration list for PBXProject "Tracker" */;
			compatibilityVersion = "Xcode 14.0";
			developmentRegion = en;
			hasScannedForEncodings = 0;
			knownRegions = (
				en,
				Base,
			);
			mainGroup = F45E83592C53650600588A3F;
			productRefGroup = F45E83632C53650600588A3F /* Products */;
			projectDirPath = "";
			projectRoot = "";
			targets = (
				F45E83612C53650600588A3F /* Tracker */,
			);
		};
/* End PBXProject section */

/* Begin PBXResourcesBuildPhase section */
		F45E83602C53650600588A3F /* Resources */ = {
			isa = PBXResourcesBuildPhase;
			buildActionMask = 2147483647;
			files = (
				F45E836F2C53650700588A3F /* Assets.xcassets in Resources */,
				F4FEBF7B2C54A88A002765BE /* Splash.storyboard in Resources */,
			);
			runOnlyForDeploymentPostprocessing = 0;
		};
/* End PBXResourcesBuildPhase section */

/* Begin PBXSourcesBuildPhase section */
		F45E835E2C53650600588A3F /* Sources */ = {
			isa = PBXSourcesBuildPhase;
			buildActionMask = 2147483647;
			files = (
				F4FEBF7F2C54ADF6002765BE /* TabBarController.swift in Sources */,
				F43F41242C8D6E1F00E28491 /* OnboardingViewControllerDelegate.swift in Sources */,
				F43F41332C8EB42600E28491 /* BindableViewController.swift in Sources */,
				F45713062C677FAC0057F76E /* ListItemCollectionCellDelegate.swift in Sources */,
				F45713092C6872870057F76E /* TextFieldCollectionViewCellDelegate.swift in Sources */,
				F43F415D2C8EF39700E28491 /* CategoryFormViewControllerDelegate.swift in Sources */,
				F45712E82C6630EB0057F76E /* TrackerFromViewControllerSections.swift in Sources */,
				F45712FF2C674D300057F76E /* ScheduleViewControllerProtocol.swift in Sources */,
				F43F41522C8EEF8E00E28491 /* CategoryFormModel.swift in Sources */,
				F4233B032C561EAA00670520 /* TrackerCardView.swift in Sources */,
				F4233B0D2C56A9D500670520 /* TrackerQuantityManagmentViewDelegate.swift in Sources */,
				F4516CAC2C5F99C200CAB0A3 /* TrackerType.swift in Sources */,
				F495FDBC2C96CFFE00248282 /* CompleteCountCell.swift in Sources */,
				F4FEBF942C554098002765BE /* TrackerId.swift in Sources */,
				F43F41612C8F177300E28491 /* TrackerCategoryId.swift in Sources */,
				F4918F1A2C8033D9009F12B9 /* TrackersDataStoreProtocol.swift in Sources */,
				F43F412F2C8EB35700E28491 /* TrackersViewModel.swift in Sources */,
				F43F415B2C8EF37B00E28491 /* CategoryFormViewControllerProtocol.swift in Sources */,
				F43F414C2C8EEAEB00E28491 /* CategoriesViewControllerDelegate.swift in Sources */,
				F457130B2C687B6F0057F76E /* TrackerFormViewControllerTextField.swift in Sources */,
				F40DF84E2C91FA7000A4377B /* BindingWithoutValue.swift in Sources */,
				F43F414A2C8ED9E700E28491 /* CategoriesModelProtocol.swift in Sources */,
				F4D3DC022C7B301400250E05 /* TrackersDataStoreDelegate.swift in Sources */,
				F43F41352C8EB5C800E28491 /* TrackersViewModelProtocol.swift in Sources */,
				F46F3C242C8F2D9200A38988 /* CategoriesDataStoreProtocol.swift in Sources */,
				F472363F2C79C31700457B34 /* UIColor+init.swift in Sources */,
				F43F411D2C8C18DD00E28491 /* OnboardingViewController.swift in Sources */,
				F43F41262C8D6E7D00E28491 /* OnboardingViewControllerProtocol.swift in Sources */,
				F495FDB92C96B3BB00248282 /* MulticastDelegate.swift in Sources */,
				F45712FD2C674D0D0057F76E /* ScheduleViewController.swift in Sources */,
				F4516CBD2C6092BB00CAB0A3 /* TrackerFormViewController.swift in Sources */,
				F43F41202C8C19AA00E28491 /* OnboardingPageViewController.swift in Sources */,
				F43F41482C8ED84E00E28491 /* CategoriesModel.swift in Sources */,
				F45712EA2C6632910057F76E /* TrackerFormViewControllerListItems.swift in Sources */,
				F495FDB52C96B16B00248282 /* PersistentContainer.swift in Sources */,
				F45E83662C53650600588A3F /* AppDelegate.swift in Sources */,
				F45E83682C53650600588A3F /* SceneDelegate.swift in Sources */,
				F453186C2C64846200A2722F /* EmojiCollectionViewCell.swift in Sources */,
				F4FEBF992C55423E002765BE /* EmptyView.swift in Sources */,
				F43F41312C8EB38700E28491 /* Binding.swift in Sources */,
				F4FEBF852C54AEE5002765BE /* StatisticsViewController.swift in Sources */,
				F4516CAA2C5F8F7300CAB0A3 /* DefaultHeaderReusableView.swift in Sources */,
				F4233B092C562D2200670520 /* TrackerQuantityManagmentView.swift in Sources */,
				F43F41592C8EF12800E28491 /* CategoryFormViewModel.swift in Sources */,
				F43F41502C8EEE2000E28491 /* CategoryFormModelProtocol.swift in Sources */,
				F4EABE332C7A5BD500CC30B7 /* TrackersDataStore.swift in Sources */,
				F4FB8A982C6143CD00A47C39 /* TextField.swift in Sources */,
				F4233B0B2C56A72400670520 /* TrackerCollectionViewCellDelegate.swift in Sources */,
				F45712ED2C6712A60057F76E /* ColorCollectionViewCell.swift in Sources */,
				F43F41432C8EC7B200E28491 /* CategoriesViewModelProtocol.swift in Sources */,
				F43F41572C8EF07E00E28491 /* CategoryFormViewModelProtocol.swift in Sources */,
				F45318672C63ED1300A2722F /* ListItemCollectionViewCell.swift in Sources */,
				F43F412C2C8DB27100E28491 /* OnboardingServiceProtocol.swift in Sources */,
				F4516CA72C5F8B9D00CAB0A3 /* Int+getEnding.swift in Sources */,
				F4516CB02C5F9B2400CAB0A3 /* CreateTrackerViewController.swift in Sources */,
				F4FEBF8C2C553E2B002765BE /* Tracker.swift in Sources */,
				F45318692C63F48100A2722F /* ListItemCollectionCellPlacement.swift in Sources */,
				F4EABE352C7AE64D00CC30B7 /* UIColor+hexString.swift in Sources */,
				F4FEBF922C554071002765BE /* TrackerRecord.swift in Sources */,
				F40DF8432C915B8900A4377B /* DataStoreUpdates.swift in Sources */,
				F40DF84A2C91E13C00A4377B /* DataStoreUpdatesPropertiesProtocol.swift in Sources */,
				F4FEBF792C54A418002765BE /* SplashViewController.swift in Sources */,
				F4FEBF822C54AE7E002765BE /* TrackersViewController.swift in Sources */,
				F49138912C705FCF00BDC783 /* PresentingViewController.swift in Sources */,
				F4FEBF8F2C553F13002765BE /* WeekDay.swift in Sources */,
				F4FEBF9C2C560219002765BE /* TrackerCollectionViewCell.swift in Sources */,
				F4516CB22C5F9B6900CAB0A3 /* CreateTrackerViewControllerDelegate.swift in Sources */,
				F45712E52C662FE20057F76E /* TrackerFormViewControllerProtocol.swift in Sources */,
				F4FEBFA42C56059E002765BE /* GeometricParams.swift in Sources */,
				F40DF84C2C91E47000A4377B /* DataStoreUpdatesMethodsProtocol.swift in Sources */,
				F43F413F2C8EC76A00E28491 /* CategoriesViewControllerProtocol.swift in Sources */,
				F457130E2C687C440057F76E /* ErrorCollectionViewCell.swift in Sources */,
				F43F413D2C8EC75B00E28491 /* CategoriesViewController.swift in Sources */,
				F45712FA2C6734BB0057F76E /* TrackerFormViewControllerDelegate.swift in Sources */,
				F4FEBF892C553D74002765BE /* TrackerCategory.swift in Sources */,
				F45712F02C6713A50057F76E /* ReusableView.swift in Sources */,
				F4918F282C82DFE7009F12B9 /* TrackerModel.xcdatamodeld in Sources */,
				F45713012C674DB20057F76E /* ScheduleViewControllerDelegate.swift in Sources */,
				F4516CB72C608FD000CAB0A3 /* PrimaryButton.swift in Sources */,
				F45712F32C6717C60057F76E /* OutlineButton.swift in Sources */,
				F4516CB92C608FF600CAB0A3 /* BaseButton.swift in Sources */,
				F4516C9E2C5E933100CAB0A3 /* NavigationController.swift in Sources */,
				F43F412A2C8DB25400E28491 /* OnboardingService.swift in Sources */,
				F4516CB42C5F9B9C00CAB0A3 /* CreateTrackerViewControllerProtocol.swift in Sources */,
				F4516CA32C5E95CB00CAB0A3 /* EllipseButton.swift in Sources */,
				F43F415F2C8EF39F00E28491 /* CategoryFormViewController.swift in Sources */,
				F43F41222C8C1CED00E28491 /* OnboardingPageViewControllerProtocol.swift in Sources */,
				F45713032C6773550057F76E /* ListItemCollectionCellEndAdorment.swift in Sources */,
				F43F41412C8EC79800E28491 /* CategoriesViewModel.swift in Sources */,
				F46F3C262C8F2DD300A38988 /* CategoriesDataStoreDelegate.swift in Sources */,
				F46F3C282C8F2DEA00A38988 /* CategoriesDataStore.swift in Sources */,
				F4FB8A9E2C614C8700A47C39 /* TextFieldCollectionViewCell.swift in Sources */,
			);
			runOnlyForDeploymentPostprocessing = 0;
		};
/* End PBXSourcesBuildPhase section */

/* Begin XCBuildConfiguration section */
		F45E83742C53650700588A3F /* Debug */ = {
			isa = XCBuildConfiguration;
			buildSettings = {
				ALWAYS_SEARCH_USER_PATHS = NO;
				ASSETCATALOG_COMPILER_GENERATE_SWIFT_ASSET_SYMBOL_EXTENSIONS = YES;
				CLANG_ANALYZER_NONNULL = YES;
				CLANG_ANALYZER_NUMBER_OBJECT_CONVERSION = YES_AGGRESSIVE;
				CLANG_CXX_LANGUAGE_STANDARD = "gnu++20";
				CLANG_ENABLE_MODULES = YES;
				CLANG_ENABLE_OBJC_ARC = YES;
				CLANG_ENABLE_OBJC_WEAK = YES;
				CLANG_WARN_BLOCK_CAPTURE_AUTORELEASING = YES;
				CLANG_WARN_BOOL_CONVERSION = YES;
				CLANG_WARN_COMMA = YES;
				CLANG_WARN_CONSTANT_CONVERSION = YES;
				CLANG_WARN_DEPRECATED_OBJC_IMPLEMENTATIONS = YES;
				CLANG_WARN_DIRECT_OBJC_ISA_USAGE = YES_ERROR;
				CLANG_WARN_DOCUMENTATION_COMMENTS = YES;
				CLANG_WARN_EMPTY_BODY = YES;
				CLANG_WARN_ENUM_CONVERSION = YES;
				CLANG_WARN_INFINITE_RECURSION = YES;
				CLANG_WARN_INT_CONVERSION = YES;
				CLANG_WARN_NON_LITERAL_NULL_CONVERSION = YES;
				CLANG_WARN_OBJC_IMPLICIT_RETAIN_SELF = YES;
				CLANG_WARN_OBJC_LITERAL_CONVERSION = YES;
				CLANG_WARN_OBJC_ROOT_CLASS = YES_ERROR;
				CLANG_WARN_QUOTED_INCLUDE_IN_FRAMEWORK_HEADER = YES;
				CLANG_WARN_RANGE_LOOP_ANALYSIS = YES;
				CLANG_WARN_STRICT_PROTOTYPES = YES;
				CLANG_WARN_SUSPICIOUS_MOVE = YES;
				CLANG_WARN_UNGUARDED_AVAILABILITY = YES_AGGRESSIVE;
				CLANG_WARN_UNREACHABLE_CODE = YES;
				CLANG_WARN__DUPLICATE_METHOD_MATCH = YES;
				COPY_PHASE_STRIP = NO;
				DEBUG_INFORMATION_FORMAT = dwarf;
				ENABLE_STRICT_OBJC_MSGSEND = YES;
				ENABLE_TESTABILITY = YES;
				ENABLE_USER_SCRIPT_SANDBOXING = YES;
				GCC_C_LANGUAGE_STANDARD = gnu17;
				GCC_DYNAMIC_NO_PIC = NO;
				GCC_NO_COMMON_BLOCKS = YES;
				GCC_OPTIMIZATION_LEVEL = 0;
				GCC_PREPROCESSOR_DEFINITIONS = (
					"DEBUG=1",
					"$(inherited)",
				);
				GCC_WARN_64_TO_32_BIT_CONVERSION = YES;
				GCC_WARN_ABOUT_RETURN_TYPE = YES_ERROR;
				GCC_WARN_UNDECLARED_SELECTOR = YES;
				GCC_WARN_UNINITIALIZED_AUTOS = YES_AGGRESSIVE;
				GCC_WARN_UNUSED_FUNCTION = YES;
				GCC_WARN_UNUSED_VARIABLE = YES;
				IPHONEOS_DEPLOYMENT_TARGET = 17.5;
				LOCALIZATION_PREFERS_STRING_CATALOGS = YES;
				MTL_ENABLE_DEBUG_INFO = INCLUDE_SOURCE;
				MTL_FAST_MATH = YES;
				ONLY_ACTIVE_ARCH = YES;
				SDKROOT = iphoneos;
				SWIFT_ACTIVE_COMPILATION_CONDITIONS = "DEBUG $(inherited)";
				SWIFT_OPTIMIZATION_LEVEL = "-Onone";
			};
			name = Debug;
		};
		F45E83752C53650700588A3F /* Release */ = {
			isa = XCBuildConfiguration;
			buildSettings = {
				ALWAYS_SEARCH_USER_PATHS = NO;
				ASSETCATALOG_COMPILER_GENERATE_SWIFT_ASSET_SYMBOL_EXTENSIONS = YES;
				CLANG_ANALYZER_NONNULL = YES;
				CLANG_ANALYZER_NUMBER_OBJECT_CONVERSION = YES_AGGRESSIVE;
				CLANG_CXX_LANGUAGE_STANDARD = "gnu++20";
				CLANG_ENABLE_MODULES = YES;
				CLANG_ENABLE_OBJC_ARC = YES;
				CLANG_ENABLE_OBJC_WEAK = YES;
				CLANG_WARN_BLOCK_CAPTURE_AUTORELEASING = YES;
				CLANG_WARN_BOOL_CONVERSION = YES;
				CLANG_WARN_COMMA = YES;
				CLANG_WARN_CONSTANT_CONVERSION = YES;
				CLANG_WARN_DEPRECATED_OBJC_IMPLEMENTATIONS = YES;
				CLANG_WARN_DIRECT_OBJC_ISA_USAGE = YES_ERROR;
				CLANG_WARN_DOCUMENTATION_COMMENTS = YES;
				CLANG_WARN_EMPTY_BODY = YES;
				CLANG_WARN_ENUM_CONVERSION = YES;
				CLANG_WARN_INFINITE_RECURSION = YES;
				CLANG_WARN_INT_CONVERSION = YES;
				CLANG_WARN_NON_LITERAL_NULL_CONVERSION = YES;
				CLANG_WARN_OBJC_IMPLICIT_RETAIN_SELF = YES;
				CLANG_WARN_OBJC_LITERAL_CONVERSION = YES;
				CLANG_WARN_OBJC_ROOT_CLASS = YES_ERROR;
				CLANG_WARN_QUOTED_INCLUDE_IN_FRAMEWORK_HEADER = YES;
				CLANG_WARN_RANGE_LOOP_ANALYSIS = YES;
				CLANG_WARN_STRICT_PROTOTYPES = YES;
				CLANG_WARN_SUSPICIOUS_MOVE = YES;
				CLANG_WARN_UNGUARDED_AVAILABILITY = YES_AGGRESSIVE;
				CLANG_WARN_UNREACHABLE_CODE = YES;
				CLANG_WARN__DUPLICATE_METHOD_MATCH = YES;
				COPY_PHASE_STRIP = NO;
				DEBUG_INFORMATION_FORMAT = "dwarf-with-dsym";
				ENABLE_NS_ASSERTIONS = NO;
				ENABLE_STRICT_OBJC_MSGSEND = YES;
				ENABLE_USER_SCRIPT_SANDBOXING = YES;
				GCC_C_LANGUAGE_STANDARD = gnu17;
				GCC_NO_COMMON_BLOCKS = YES;
				GCC_WARN_64_TO_32_BIT_CONVERSION = YES;
				GCC_WARN_ABOUT_RETURN_TYPE = YES_ERROR;
				GCC_WARN_UNDECLARED_SELECTOR = YES;
				GCC_WARN_UNINITIALIZED_AUTOS = YES_AGGRESSIVE;
				GCC_WARN_UNUSED_FUNCTION = YES;
				GCC_WARN_UNUSED_VARIABLE = YES;
				IPHONEOS_DEPLOYMENT_TARGET = 17.5;
				LOCALIZATION_PREFERS_STRING_CATALOGS = YES;
				MTL_ENABLE_DEBUG_INFO = NO;
				MTL_FAST_MATH = YES;
				SDKROOT = iphoneos;
				SWIFT_COMPILATION_MODE = wholemodule;
				VALIDATE_PRODUCT = YES;
			};
			name = Release;
		};
		F45E83772C53650700588A3F /* Debug */ = {
			isa = XCBuildConfiguration;
			buildSettings = {
				ASSETCATALOG_COMPILER_APPICON_NAME = AppIcon;
				ASSETCATALOG_COMPILER_GLOBAL_ACCENT_COLOR_NAME = AccentColor;
				CODE_SIGN_STYLE = Automatic;
				CURRENT_PROJECT_VERSION = 1;
				DEVELOPMENT_TEAM = 3B336RAGHX;
				GENERATE_INFOPLIST_FILE = YES;
				INFOPLIST_FILE = Tracker/Info.plist;
				INFOPLIST_KEY_UIApplicationSupportsIndirectInputEvents = YES;
				INFOPLIST_KEY_UILaunchStoryboardName = Splash.storyboard;
				INFOPLIST_KEY_UISupportedInterfaceOrientations = UIInterfaceOrientationPortrait;
				IPHONEOS_DEPLOYMENT_TARGET = 13.4;
				LD_RUNPATH_SEARCH_PATHS = (
					"$(inherited)",
					"@executable_path/Frameworks",
				);
				MARKETING_VERSION = 1.0;
				PRODUCT_BUNDLE_IDENTIFIER = com.leonidlavrov.Tracker;
				PRODUCT_NAME = "$(TARGET_NAME)";
				SUPPORTED_PLATFORMS = "iphoneos iphonesimulator";
				SUPPORTS_MACCATALYST = NO;
				SUPPORTS_MAC_DESIGNED_FOR_IPHONE_IPAD = NO;
				SUPPORTS_XR_DESIGNED_FOR_IPHONE_IPAD = NO;
				SWIFT_EMIT_LOC_STRINGS = YES;
				SWIFT_VERSION = 5.0;
				TARGETED_DEVICE_FAMILY = 1;
			};
			name = Debug;
		};
		F45E83782C53650700588A3F /* Release */ = {
			isa = XCBuildConfiguration;
			buildSettings = {
				ASSETCATALOG_COMPILER_APPICON_NAME = AppIcon;
				ASSETCATALOG_COMPILER_GLOBAL_ACCENT_COLOR_NAME = AccentColor;
				CODE_SIGN_STYLE = Automatic;
				CURRENT_PROJECT_VERSION = 1;
				DEVELOPMENT_TEAM = 3B336RAGHX;
				GENERATE_INFOPLIST_FILE = YES;
				INFOPLIST_FILE = Tracker/Info.plist;
				INFOPLIST_KEY_UIApplicationSupportsIndirectInputEvents = YES;
				INFOPLIST_KEY_UILaunchStoryboardName = Splash.storyboard;
				INFOPLIST_KEY_UISupportedInterfaceOrientations = UIInterfaceOrientationPortrait;
				IPHONEOS_DEPLOYMENT_TARGET = 13.4;
				LD_RUNPATH_SEARCH_PATHS = (
					"$(inherited)",
					"@executable_path/Frameworks",
				);
				MARKETING_VERSION = 1.0;
				PRODUCT_BUNDLE_IDENTIFIER = com.leonidlavrov.Tracker;
				PRODUCT_NAME = "$(TARGET_NAME)";
				SUPPORTED_PLATFORMS = "iphoneos iphonesimulator";
				SUPPORTS_MACCATALYST = NO;
				SUPPORTS_MAC_DESIGNED_FOR_IPHONE_IPAD = NO;
				SUPPORTS_XR_DESIGNED_FOR_IPHONE_IPAD = NO;
				SWIFT_EMIT_LOC_STRINGS = YES;
				SWIFT_VERSION = 5.0;
				TARGETED_DEVICE_FAMILY = 1;
			};
			name = Release;
		};
/* End XCBuildConfiguration section */

/* Begin XCConfigurationList section */
		F45E835D2C53650600588A3F /* Build configuration list for PBXProject "Tracker" */ = {
			isa = XCConfigurationList;
			buildConfigurations = (
				F45E83742C53650700588A3F /* Debug */,
				F45E83752C53650700588A3F /* Release */,
			);
			defaultConfigurationIsVisible = 0;
			defaultConfigurationName = Release;
		};
		F45E83762C53650700588A3F /* Build configuration list for PBXNativeTarget "Tracker" */ = {
			isa = XCConfigurationList;
			buildConfigurations = (
				F45E83772C53650700588A3F /* Debug */,
				F45E83782C53650700588A3F /* Release */,
			);
			defaultConfigurationIsVisible = 0;
			defaultConfigurationName = Release;
		};
/* End XCConfigurationList section */

/* Begin XCVersionGroup section */
		F4918F262C82DFE7009F12B9 /* TrackerModel.xcdatamodeld */ = {
			isa = XCVersionGroup;
			children = (
				F4918F272C82DFE7009F12B9 /* TrackerModel.xcdatamodel */,
			);
			currentVersion = F4918F272C82DFE7009F12B9 /* TrackerModel.xcdatamodel */;
			path = TrackerModel.xcdatamodeld;
			sourceTree = "<group>";
			versionGroupType = wrapper.xcdatamodel;
		};
/* End XCVersionGroup section */
	};
	rootObject = F45E835A2C53650600588A3F /* Project object */;
}
